
Microsoft Visual Studio Solution File, Format Version 12.00
# Visual Studio Version 17
VisualStudioVersion = 17.0.31903.59
MinimumVisualStudioVersion = 10.0.40219.1
Project("{9A19103F-16F7-4668-BE54-9A1E7A4F7556}") = "DegerVeReferansTipler", "..\DegerVeReferansTipler\DegerVeReferansTipler.csproj", "{FE4A75F6-20CF-408B-B490-41899B199AAE}"
EndProject
Project("{9A19103F-16F7-4668-BE54-9A1E7A4F7556}") = "GenericsIntro", "..\GenericsIntro\GenericsIntro.csproj", "{33191700-EC7D-4F56-8AF8-DB12BB76F0E1}"
	ProjectSection(ProjectDependencies) = postProject
		{08192BDB-03EF-4F37-8AEF-436D21F7AFD2} = {08192BDB-03EF-4F37-8AEF-436D21F7AFD2}
	EndProjectSection
EndProject
Project("{9A19103F-16F7-4668-BE54-9A1E7A4F7556}") = "Koleksiyonlar", "..\Koleksiyonlar\Koleksiyonlar.csproj", "{E1E7FB95-139D-4C14-B669-4652C98D3562}"
EndProject
Project("{9A19103F-16F7-4668-BE54-9A1E7A4F7556}") = "Matematik", "..\Matematik\Matematik.csproj", "{08192BDB-03EF-4F37-8AEF-436D21F7AFD2}"
EndProject
Project("{9A19103F-16F7-4668-BE54-9A1E7A4F7556}") = "Oop1", "..\Oop1\Oop1.csproj", "{C5FC174B-6667-49A8-9067-2C6EE68602CA}"
EndProject
Project("{9A19103F-16F7-4668-BE54-9A1E7A4F7556}") = "Oop2", "..\Oop2\Oop2.csproj", "{B31EEF13-BA14-4C2D-AB5C-35297BD5A56D}"
EndProject
Project("{9A19103F-16F7-4668-BE54-9A1E7A4F7556}") = "Oop3", "..\Oop3\Oop3.csproj", "{1628609B-C839-47BE-BDF8-5C50D0EE7A92}"
EndProject
Project("{FAE04EC0-301F-11D3-BF4B-00C04F79EFBC}") = "GameProject", "GameProject\GameProject.csproj", "{87F0AAA7-1082-4D8A-ACB9-EE45BCD47280}"
EndProject
Global
	GlobalSection(SolutionConfigurationPlatforms) = preSolution
		Debug|Any CPU = Debug|Any CPU
		Release|Any CPU = Release|Any CPU
	EndGlobalSection
	GlobalSection(ProjectConfigurationPlatforms) = postSolution
		{FE4A75F6-20CF-408B-B490-41899B199AAE}.Debug|Any CPU.ActiveCfg = Debug|Any CPU
		{FE4A75F6-20CF-408B-B490-41899B199AAE}.Debug|Any CPU.Build.0 = Debug|Any CPU
		{FE4A75F6-20CF-408B-B490-41899B199AAE}.Release|Any CPU.ActiveCfg = Release|Any CPU
		{FE4A75F6-20CF-408B-B490-41899B199AAE}.Release|Any CPU.Build.0 = Release|Any CPU
		{33191700-EC7D-4F56-8AF8-DB12BB76F0E1}.Debug|Any CPU.ActiveCfg = Debug|Any CPU
		{33191700-EC7D-4F56-8AF8-DB12BB76F0E1}.Debug|Any CPU.Build.0 = Debug|Any CPU
		{33191700-EC7D-4F56-8AF8-DB12BB76F0E1}.Release|Any CPU.ActiveCfg = Release|Any CPU
		{33191700-EC7D-4F56-8AF8-DB12BB76F0E1}.Release|Any CPU.Build.0 = Release|Any CPU
		{E1E7FB95-139D-4C14-B669-4652C98D3562}.Debug|Any CPU.ActiveCfg = Debug|Any CPU
		{E1E7FB95-139D-4C14-B669-4652C98D3562}.Debug|Any CPU.Build.0 = Debug|Any CPU
		{E1E7FB95-139D-4C14-B669-4652C98D3562}.Release|Any CPU.ActiveCfg = Release|Any CPU
		{E1E7FB95-139D-4C14-B669-4652C98D3562}.Release|Any CPU.Build.0 = Release|Any CPU
		{08192BDB-03EF-4F37-8AEF-436D21F7AFD2}.Debug|Any CPU.ActiveCfg = Debug|Any CPU
		{08192BDB-03EF-4F37-8AEF-436D21F7AFD2}.Debug|Any CPU.Build.0 = Debug|Any CPU
		{08192BDB-03EF-4F37-8AEF-436D21F7AFD2}.Release|Any CPU.ActiveCfg = Release|Any CPU
		{08192BDB-03EF-4F37-8AEF-436D21F7AFD2}.Release|Any CPU.Build.0 = Release|Any CPU
		{C5FC174B-6667-49A8-9067-2C6EE68602CA}.Debug|Any CPU.ActiveCfg = Debug|Any CPU
		{C5FC174B-6667-49A8-9067-2C6EE68602CA}.Debug|Any CPU.Build.0 = Debug|Any CPU
		{C5FC174B-6667-49A8-9067-2C6EE68602CA}.Release|Any CPU.ActiveCfg = Release|Any CPU
		{C5FC174B-6667-49A8-9067-2C6EE68602CA}.Release|Any CPU.Build.0 = Release|Any CPU
		{B31EEF13-BA14-4C2D-AB5C-35297BD5A56D}.Debug|Any CPU.ActiveCfg = Debug|Any CPU
		{B31EEF13-BA14-4C2D-AB5C-35297BD5A56D}.Debug|Any CPU.Build.0 = Debug|Any CPU
		{B31EEF13-BA14-4C2D-AB5C-35297BD5A56D}.Release|Any CPU.ActiveCfg = Release|Any CPU
		{B31EEF13-BA14-4C2D-AB5C-35297BD5A56D}.Release|Any CPU.Build.0 = Release|Any CPU
		{1628609B-C839-47BE-BDF8-5C50D0EE7A92}.Debug|Any CPU.ActiveCfg = Debug|Any CPU
		{1628609B-C839-47BE-BDF8-5C50D0EE7A92}.Debug|Any CPU.Build.0 = Debug|Any CPU
		{1628609B-C839-47BE-BDF8-5C50D0EE7A92}.Release|Any CPU.ActiveCfg = Release|Any CPU
		{1628609B-C839-47BE-BDF8-5C50D0EE7A92}.Release|Any CPU.Build.0 = Release|Any CPU
		{87F0AAA7-1082-4D8A-ACB9-EE45BCD47280}.Debug|Any CPU.ActiveCfg = Debug|Any CPU
		{87F0AAA7-1082-4D8A-ACB9-EE45BCD47280}.Debug|Any CPU.Build.0 = Debug|Any CPU
		{87F0AAA7-1082-4D8A-ACB9-EE45BCD47280}.Release|Any CPU.ActiveCfg = Release|Any CPU
		{87F0AAA7-1082-4D8A-ACB9-EE45BCD47280}.Release|Any CPU.Build.0 = Release|Any CPU
	EndGlobalSection
	GlobalSection(SolutionProperties) = preSolution
		HideSolutionNode = FALSE
	EndGlobalSection
	GlobalSection(ExtensibilityGlobals) = postSolution
		SolutionGuid = {774058C0-E68A-4496-B016-9E579694314B}
	EndGlobalSection
EndGlobal
